
Transaction

  Prefix: /opt/conda/envs/assembly_finder

  Updating specs:

   - ncbi-datasets-cli=16.26.2
   - taxonkit=0.17.0
   - csvtk=0.30.0
   - rsync=3.3.0
   - curl=8.7.1
   - unzip=6.0
   - python=3.12
   - snakemake-minimal=8.18.1
   - snaketool-utils=0.0.5
   - attrmap=0.0.7
   - pyyaml=6.0
   - pandas=2.2.1
   - rich-click=1.7.4


  Package                                      Version  Build                Channel          Size
────────────────────────────────────────────────────────────────────────────────────────────────────
  Install:
────────────────────────────────────────────────────────────────────────────────────────────────────

  + taxonkit                                    0.17.0  h9ee0642_1           bioconda          4MB
  + csvtk                                       0.30.0  h9ee0642_2           bioconda          9MB
  + _libgcc_mutex                                  0.1  conda_forge          conda-forge       3kB
  + python_abi                                    3.12  5_cp312              conda-forge       6kB
  + ld_impl_linux-64                              2.40  hf3520f5_7           conda-forge     708kB
  + ca-certificates                           2024.7.4  hbcca054_0           conda-forge     155kB
  + libgomp                                     14.1.0  h77fa898_0           conda-forge     457kB
  + ncbi-datasets-cli                          16.26.2  ha770c72_0           conda-forge      17MB
  + _openmp_mutex                                  4.5  2_gnu                conda-forge      24kB
  + libgcc-ng                                   14.1.0  h77fa898_0           conda-forge     842kB
  + c-ares                                      1.33.0  ha66036c_0           conda-forge     182kB
  + libev                                         4.33  hd590300_2           conda-forge     113kB
  + libgfortran5                                14.1.0  hc5f4f2c_0           conda-forge       1MB
  + keyutils                                     1.6.1  h166bdaf_0           conda-forge     118kB
  + libstdcxx-ng                                14.1.0  hc0a3c3a_0           conda-forge       4MB
  + libxcrypt                                   4.4.36  hd590300_1           conda-forge     100kB
  + xz                                           5.2.6  h166bdaf_0           conda-forge     418kB
  + libffi                                       3.4.2  h7f98852_5           conda-forge      58kB
  + bzip2                                        1.0.8  h4bc722e_7           conda-forge     253kB
  + yaml                                         0.2.5  h7f98852_2           conda-forge      89kB
  + openssl                                      3.3.1  h4bc722e_2           conda-forge       3MB
  + libzlib                                      1.3.1  h4ab18f5_1           conda-forge      62kB
  + libiconv                                      1.17  hd590300_2           conda-forge     706kB
  + ncurses                                        6.5  h59595ed_0           conda-forge     887kB
  + libuuid                                     2.38.1  h0b41bf4_0           conda-forge      34kB
  + libnsl                                       2.0.1  hd590300_0           conda-forge      33kB
  + libexpat                                     2.6.2  h59595ed_0           conda-forge      74kB
  + unzip                                          6.0  h7f98852_3           conda-forge     169kB
  + xxhash                                       0.8.2  hd590300_0           conda-forge      98kB
  + libgfortran-ng                              14.1.0  h69a702a_0           conda-forge      50kB
  + lz4-c                                        1.9.4  hcb278e6_0           conda-forge     143kB
  + libnghttp2                                  1.58.0  h47da74e_1           conda-forge     632kB
  + tk                                          8.6.13  noxft_h4845f30_101   conda-forge       3MB
  + zstd                                         1.5.6  ha6fb4c9_0           conda-forge     555kB
  + libssh2                                     1.11.0  h0841786_0           conda-forge     271kB
  + libsqlite                                   3.46.0  hde9e2c9_0           conda-forge     865kB
  + popt                                          1.16  h0b475e3_2002        conda-forge     189kB
  + libedit                               3.1.20191231  he28a2e2_2           conda-forge     124kB
  + readline                                       8.2  h8228510_1           conda-forge     281kB
  + libopenblas                                 0.3.27  pthreads_hac2b453_1  conda-forge       6MB
  + rsync                                        3.3.0  he6cb5fe_0           conda-forge     334kB
  + krb5                                        1.21.3  h659f571_0           conda-forge       1MB
  + libblas                                      3.9.0  23_linux64_openblas  conda-forge      15kB
  + libcurl                                      8.7.1  hca28451_0           conda-forge     398kB
  + libcblas                                     3.9.0  23_linux64_openblas  conda-forge      15kB
  + liblapack                                    3.9.0  23_linux64_openblas  conda-forge      15kB
  + curl                                         8.7.1  hca28451_0           conda-forge     165kB
  + liblapacke                                   3.9.0  23_linux64_openblas  conda-forge      15kB
  + coin-or-utils                              2.11.12  h00a8a60_0           conda-forge     661kB
  + coin-or-osi                               0.108.11  h6e6398e_0           conda-forge     372kB
  + coin-or-clp                                 1.17.8  h1ee7a9c_0           conda-forge       1MB
  + coin-or-cgl                                 0.60.7  h516709c_0           conda-forge     551kB
  + coin-or-cbc                                2.10.11  h56f689f_0           conda-forge     935kB
  + tzdata                                       2024a  h0c530f3_0           conda-forge     120kB
  + coincbc                                    2.10.11  0_metapackage        conda-forge      12kB
  + python                                      3.12.5  h2ad013b_0_cpython   conda-forge      32MB
  + wheel                                       0.44.0  pyhd8ed1ab_0         conda-forge      59kB
  + setuptools                                  72.1.0  pyhd8ed1ab_0         conda-forge       1MB
  + pip                                           24.2  pyhd8ed1ab_0         conda-forge       1MB
  + pycparser                                     2.22  pyhd8ed1ab_0         conda-forge     105kB
  + hyperframe                                   6.0.1  pyhd8ed1ab_0         conda-forge      15kB
  + hpack                                        4.0.0  pyh9f0ad1d_0         conda-forge      25kB
  + pyparsing                                    3.1.2  pyhd8ed1ab_0         conda-forge      89kB
  + six                                         1.16.0  pyh6c4a22f_0         conda-forge      14kB
  + pysocks                                      1.7.1  pyha2e5f31_6         conda-forge      19kB
  + platformdirs                                 4.2.2  pyhd8ed1ab_0         conda-forge      21kB
  + pytz                                        2024.1  pyhd8ed1ab_0         conda-forge     189kB
  + python-tzdata                               2024.1  pyhd8ed1ab_0         conda-forge     144kB
  + smmap                                        5.0.0  pyhd8ed1ab_0         conda-forge      22kB
  + zipp                                        3.20.0  pyhd8ed1ab_0         conda-forge      21kB
  + attrs                                       24.2.0  pyh71513ae_0         conda-forge      56kB
  + pkgutil-resolve-name                        1.3.10  pyhd8ed1ab_1         conda-forge      11kB
  + mdurl                                        0.1.2  pyhd8ed1ab_0         conda-forge      15kB
  + traitlets                                   5.14.3  pyhd8ed1ab_0         conda-forge     110kB
  + python-fastjsonschema                       2.20.0  pyhd8ed1ab_0         conda-forge     226kB
  + charset-normalizer                           3.3.2  pyhd8ed1ab_0         conda-forge      47kB
  + idna                                           3.7  pyhd8ed1ab_0         conda-forge      53kB
  + certifi                                   2024.7.4  pyhd8ed1ab_0         conda-forge     159kB
  + typing_extensions                           4.12.2  pyha770c72_0         conda-forge      40kB
  + pygments                                    2.18.0  pyhd8ed1ab_0         conda-forge     879kB
  + plac                                         1.4.3  pyhd8ed1ab_0         conda-forge      26kB
  + argparse-dataclass                           2.0.0  pyhd8ed1ab_0         conda-forge      12kB
  + dpath                                        2.2.0  pyha770c72_0         conda-forge      21kB
  + throttler                                    1.2.2  pyhd8ed1ab_0         conda-forge      12kB
  + stopit                                       1.1.2  py_0                 conda-forge      16kB
  + reretry                                     0.11.8  pyhd8ed1ab_0         conda-forge      12kB
  + tabulate                                     0.9.0  pyhd8ed1ab_1         conda-forge      36kB
  + packaging                                     24.1  pyhd8ed1ab_0         conda-forge      50kB
  + humanfriendly                                 10.0  pyhd8ed1ab_6         conda-forge      73kB
  + docutils                                    0.21.2  pyhd8ed1ab_0         conda-forge     403kB
  + configargparse                                 1.7  pyhd8ed1ab_0         conda-forge      39kB
  + appdirs                                      1.4.4  pyh9f0ad1d_0         conda-forge      13kB
  + click                                        8.1.7  unix_pyh707e725_0    conda-forge      84kB
  + toposort                                      1.10  pyhd8ed1ab_0         conda-forge      14kB
  + connection_pool                              0.0.3  pyhd3deb0d_0         conda-forge       8kB
  + h2                                           4.1.0  pyhd8ed1ab_0         conda-forge      47kB
  + python-dateutil                              2.9.0  pyhd8ed1ab_0         conda-forge     223kB
  + gitdb                                       4.0.11  pyhd8ed1ab_0         conda-forge      53kB
  + importlib_resources                          6.4.3  pyhd8ed1ab_0         conda-forge      32kB
  + markdown-it-py                               3.0.0  pyhd8ed1ab_0         conda-forge      64kB
  + amply                                        0.1.6  pyhd8ed1ab_0         conda-forge      22kB
  + gitpython                                   3.1.43  pyhd8ed1ab_0         conda-forge     157kB
  + rich                                        13.7.1  pyhd8ed1ab_0         conda-forge     184kB
  + rich-click                                   1.7.4  pyhd8ed1ab_0         conda-forge      33kB
  + brotli-python                                1.1.0  py312h30efb56_1      conda-forge     351kB
  + numpy                                       1.26.4  py312heda63a1_0      conda-forge       7MB
  + markupsafe                                   2.1.5  py312h98912ed_0      conda-forge      27kB
  + rpds-py                                     0.20.0  py312hf008fa9_0      conda-forge     336kB
  + wrapt                                       1.16.0  py312h98912ed_0      conda-forge      62kB
  + psutil                                       6.0.0  py312h9a8786e_0      conda-forge     493kB
  + datrie                                       0.8.2  py312h98912ed_7      conda-forge     160kB
  + pyyaml                                       6.0.2  py312h41a817b_0      conda-forge     206kB
  + immutables                                    0.20  py312h98912ed_1      conda-forge      54kB
  + cffi                                        1.17.0  py312h1671c18_0      conda-forge     294kB
  + jupyter_core                                 5.7.2  py312h7900ff3_0      conda-forge      93kB
  + pulp                                         2.8.0  py312h7900ff3_0      conda-forge      13MB
  + pandas                                       2.2.1  py312hfb8ada1_0      conda-forge      15MB
  + zstandard                                   0.23.0  py312h3483029_0      conda-forge     417kB
  + snakemake-interface-common                  1.17.3  pyhdfd78af_0         bioconda         18kB
  + snaketool-utils                              0.0.5  pyhdfd78af_0         bioconda         13kB
  + snakemake-interface-storage-plugins          3.3.0  pyhdfd78af_0         bioconda         19kB
  + snakemake-interface-executor-plugins         9.2.0  pyhdfd78af_0         bioconda         23kB
  + snakemake-interface-report-plugins           1.0.0  pyhdfd78af_0         bioconda         13kB
  + jinja2                                       3.1.4  pyhd8ed1ab_0         conda-forge     112kB
  + referencing                                 0.35.1  pyhd8ed1ab_0         conda-forge      42kB
  + smart_open                                   7.0.4  pyhd8ed1ab_0         conda-forge      52kB
  + conda-inject                                 1.3.2  pyhd8ed1ab_0         conda-forge      10kB
  + yte                                          1.5.4  pyha770c72_0         conda-forge      14kB
  + attrmap                                      0.0.7  pyhd8ed1ab_0         conda-forge      19kB
  + urllib3                                      2.2.2  pyhd8ed1ab_1         conda-forge      95kB
  + jsonschema-specifications                2023.12.1  pyhd8ed1ab_0         conda-forge      16kB
  + requests                                    2.32.3  pyhd8ed1ab_0         conda-forge      59kB
  + jsonschema                                  4.23.0  pyhd8ed1ab_0         conda-forge      74kB
  + nbformat                                    5.10.4  pyhd8ed1ab_0         conda-forge     101kB
  + snakemake-minimal                           8.18.1  pyhdfd78af_0         bioconda        224kB

  Summary:

  Install: 135 packages

  Total download: 139MB

────────────────────────────────────────────────────────────────────────────────────────────────────



Transaction starting
Linking taxonkit-0.17.0-h9ee0642_1
Linking csvtk-0.30.0-h9ee0642_2
Linking _libgcc_mutex-0.1-conda_forge
Linking python_abi-3.12-5_cp312
Linking ld_impl_linux-64-2.40-hf3520f5_7
Linking ca-certificates-2024.7.4-hbcca054_0
Linking libgomp-14.1.0-h77fa898_0
Linking ncbi-datasets-cli-16.26.2-ha770c72_0
Linking _openmp_mutex-4.5-2_gnu
Linking libgcc-ng-14.1.0-h77fa898_0
Linking c-ares-1.33.0-ha66036c_0
Linking libev-4.33-hd590300_2
Linking libgfortran5-14.1.0-hc5f4f2c_0
Linking keyutils-1.6.1-h166bdaf_0
Linking libstdcxx-ng-14.1.0-hc0a3c3a_0
Linking libxcrypt-4.4.36-hd590300_1
Linking xz-5.2.6-h166bdaf_0
Linking libffi-3.4.2-h7f98852_5
Linking bzip2-1.0.8-h4bc722e_7
Linking yaml-0.2.5-h7f98852_2
Linking openssl-3.3.1-h4bc722e_2
Linking libzlib-1.3.1-h4ab18f5_1
Linking libiconv-1.17-hd590300_2
Linking ncurses-6.5-h59595ed_0
Linking libuuid-2.38.1-h0b41bf4_0
Linking libnsl-2.0.1-hd590300_0
Linking libexpat-2.6.2-h59595ed_0
Linking unzip-6.0-h7f98852_3
Linking xxhash-0.8.2-hd590300_0
Linking libgfortran-ng-14.1.0-h69a702a_0
Linking lz4-c-1.9.4-hcb278e6_0
Linking libnghttp2-1.58.0-h47da74e_1
Linking tk-8.6.13-noxft_h4845f30_101
Linking zstd-1.5.6-ha6fb4c9_0
Linking libssh2-1.11.0-h0841786_0
Linking libsqlite-3.46.0-hde9e2c9_0
Linking popt-1.16-h0b475e3_2002
Linking libedit-3.1.20191231-he28a2e2_2
Linking readline-8.2-h8228510_1
Linking libopenblas-0.3.27-pthreads_hac2b453_1
Linking rsync-3.3.0-he6cb5fe_0
Linking krb5-1.21.3-h659f571_0
Linking libblas-3.9.0-23_linux64_openblas
Linking libcurl-8.7.1-hca28451_0
Linking libcblas-3.9.0-23_linux64_openblas
Linking liblapack-3.9.0-23_linux64_openblas
Linking curl-8.7.1-hca28451_0
Linking liblapacke-3.9.0-23_linux64_openblas
Linking coin-or-utils-2.11.12-h00a8a60_0
Linking coin-or-osi-0.108.11-h6e6398e_0
Linking coin-or-clp-1.17.8-h1ee7a9c_0
Linking coin-or-cgl-0.60.7-h516709c_0
Linking coin-or-cbc-2.10.11-h56f689f_0
Linking tzdata-2024a-h0c530f3_0
Linking coincbc-2.10.11-0_metapackage
Linking python-3.12.5-h2ad013b_0_cpython
Linking wheel-0.44.0-pyhd8ed1ab_0
Linking setuptools-72.1.0-pyhd8ed1ab_0
Linking pip-24.2-pyhd8ed1ab_0
Linking pycparser-2.22-pyhd8ed1ab_0
Linking hyperframe-6.0.1-pyhd8ed1ab_0
Linking hpack-4.0.0-pyh9f0ad1d_0
Linking pyparsing-3.1.2-pyhd8ed1ab_0
Linking six-1.16.0-pyh6c4a22f_0
Linking pysocks-1.7.1-pyha2e5f31_6
Linking platformdirs-4.2.2-pyhd8ed1ab_0
Linking pytz-2024.1-pyhd8ed1ab_0
Linking python-tzdata-2024.1-pyhd8ed1ab_0
Linking smmap-5.0.0-pyhd8ed1ab_0
Linking zipp-3.20.0-pyhd8ed1ab_0
Linking attrs-24.2.0-pyh71513ae_0
Linking pkgutil-resolve-name-1.3.10-pyhd8ed1ab_1
Linking mdurl-0.1.2-pyhd8ed1ab_0
Linking traitlets-5.14.3-pyhd8ed1ab_0
Linking python-fastjsonschema-2.20.0-pyhd8ed1ab_0
Linking charset-normalizer-3.3.2-pyhd8ed1ab_0
Linking idna-3.7-pyhd8ed1ab_0
Linking certifi-2024.7.4-pyhd8ed1ab_0
Linking typing_extensions-4.12.2-pyha770c72_0
Linking pygments-2.18.0-pyhd8ed1ab_0
Linking plac-1.4.3-pyhd8ed1ab_0
Linking argparse-dataclass-2.0.0-pyhd8ed1ab_0
Linking dpath-2.2.0-pyha770c72_0
Linking throttler-1.2.2-pyhd8ed1ab_0
Linking stopit-1.1.2-py_0
Linking reretry-0.11.8-pyhd8ed1ab_0
Linking tabulate-0.9.0-pyhd8ed1ab_1
Linking packaging-24.1-pyhd8ed1ab_0
Linking humanfriendly-10.0-pyhd8ed1ab_6
Linking docutils-0.21.2-pyhd8ed1ab_0
Linking configargparse-1.7-pyhd8ed1ab_0
Linking appdirs-1.4.4-pyh9f0ad1d_0
Linking click-8.1.7-unix_pyh707e725_0
Linking toposort-1.10-pyhd8ed1ab_0
Linking connection_pool-0.0.3-pyhd3deb0d_0
Linking h2-4.1.0-pyhd8ed1ab_0
Linking python-dateutil-2.9.0-pyhd8ed1ab_0
Linking gitdb-4.0.11-pyhd8ed1ab_0
Linking importlib_resources-6.4.3-pyhd8ed1ab_0
Linking markdown-it-py-3.0.0-pyhd8ed1ab_0
Linking amply-0.1.6-pyhd8ed1ab_0
Linking gitpython-3.1.43-pyhd8ed1ab_0
Linking rich-13.7.1-pyhd8ed1ab_0
Linking rich-click-1.7.4-pyhd8ed1ab_0
Linking brotli-python-1.1.0-py312h30efb56_1
Linking numpy-1.26.4-py312heda63a1_0
Linking markupsafe-2.1.5-py312h98912ed_0
Linking rpds-py-0.20.0-py312hf008fa9_0
Linking wrapt-1.16.0-py312h98912ed_0
Linking psutil-6.0.0-py312h9a8786e_0
Linking datrie-0.8.2-py312h98912ed_7
Linking pyyaml-6.0.2-py312h41a817b_0
Linking immutables-0.20-py312h98912ed_1
Linking cffi-1.17.0-py312h1671c18_0
Linking jupyter_core-5.7.2-py312h7900ff3_0
Linking pulp-2.8.0-py312h7900ff3_0
Linking pandas-2.2.1-py312hfb8ada1_0
Linking zstandard-0.23.0-py312h3483029_0
Linking snakemake-interface-common-1.17.3-pyhdfd78af_0
Linking snaketool-utils-0.0.5-pyhdfd78af_0
Linking snakemake-interface-storage-plugins-3.3.0-pyhdfd78af_0
Linking snakemake-interface-executor-plugins-9.2.0-pyhdfd78af_0
Linking snakemake-interface-report-plugins-1.0.0-pyhdfd78af_0
Linking jinja2-3.1.4-pyhd8ed1ab_0
Linking referencing-0.35.1-pyhd8ed1ab_0
Linking smart_open-7.0.4-pyhd8ed1ab_0
Linking conda-inject-1.3.2-pyhd8ed1ab_0
Linking yte-1.5.4-pyha770c72_0
Linking attrmap-0.0.7-pyhd8ed1ab_0
Linking urllib3-2.2.2-pyhd8ed1ab_1
Linking jsonschema-specifications-2023.12.1-pyhd8ed1ab_0
Linking requests-2.32.3-pyhd8ed1ab_0
Linking jsonschema-4.23.0-pyhd8ed1ab_0
Linking nbformat-5.10.4-pyhd8ed1ab_0
Linking snakemake-minimal-8.18.1-pyhdfd78af_0

Transaction finished

To activate this environment, use:

    micromamba activate assembly_finder

Or to execute a single command in this environment, use:

    micromamba run -n assembly_finder mycommand

# This file may be used to create an environment using:
# $ conda create --name <env> --file <this file>
# platform: linux-64
@EXPLICIT
https://conda.anaconda.org/conda-forge/linux-64/_libgcc_mutex-0.1-conda_forge.tar.bz2#d7c89558ba9fa0495403155b64376d81
https://conda.anaconda.org/conda-forge/linux-64/libgomp-14.1.0-h77fa898_0.conda#ae061a5ed5f05818acdf9adab72c146d
https://conda.anaconda.org/conda-forge/linux-64/_openmp_mutex-4.5-2_gnu.tar.bz2#73aaf86a425cc6e73fcf236a5a46396d
https://conda.anaconda.org/conda-forge/linux-64/libgcc-ng-14.1.0-h77fa898_0.conda#ca0fad6a41ddaef54a153b78eccb5037
https://conda.anaconda.org/conda-forge/linux-64/bzip2-1.0.8-h4bc722e_7.conda#62ee74e96c5ebb0af99386de58cf9553
https://conda.anaconda.org/conda-forge/linux-64/ld_impl_linux-64-2.40-hf3520f5_7.conda#b80f2f396ca2c28b8c14c437a4ed1e74
https://conda.anaconda.org/conda-forge/linux-64/libexpat-2.6.2-h59595ed_0.conda#e7ba12deb7020dd080c6c70e7b6f6a3d
https://conda.anaconda.org/conda-forge/linux-64/libffi-3.4.2-h7f98852_5.tar.bz2#d645c6d2ac96843a2bfaccd2d62b3ac3
https://conda.anaconda.org/conda-forge/linux-64/libnsl-2.0.1-hd590300_0.conda#30fd6e37fe21f86f4bd26d6ee73eeec7
https://conda.anaconda.org/conda-forge/linux-64/libzlib-1.3.1-h4ab18f5_1.conda#57d7dc60e9325e3de37ff8dffd18e814
https://conda.anaconda.org/conda-forge/linux-64/libsqlite-3.46.0-hde9e2c9_0.conda#18aa975d2094c34aef978060ae7da7d8
https://conda.anaconda.org/conda-forge/linux-64/libuuid-2.38.1-h0b41bf4_0.conda#40b61aab5c7ba9ff276c41cfffe6b80b
https://conda.anaconda.org/conda-forge/linux-64/libxcrypt-4.4.36-hd590300_1.conda#5aa797f8787fe7a17d1b0821485b5adc
https://conda.anaconda.org/conda-forge/linux-64/ncurses-6.5-h59595ed_0.conda#fcea371545eda051b6deafb24889fc69
https://conda.anaconda.org/conda-forge/linux-64/ca-certificates-2024.7.4-hbcca054_0.conda#23ab7665c5f63cfb9f1f6195256daac6
https://conda.anaconda.org/conda-forge/linux-64/openssl-3.3.1-h4bc722e_2.conda#e1b454497f9f7c1147fdde4b53f1b512
https://conda.anaconda.org/conda-forge/linux-64/readline-8.2-h8228510_1.conda#47d31b792659ce70f470b5c82fdfb7a4
https://conda.anaconda.org/conda-forge/linux-64/tk-8.6.13-noxft_h4845f30_101.conda#d453b98d9c83e71da0741bb0ff4d76bc
https://conda.anaconda.org/conda-forge/noarch/tzdata-2024a-h0c530f3_0.conda#161081fc7cec0bfda0d86d7cb595f8d8
https://conda.anaconda.org/conda-forge/linux-64/xz-5.2.6-h166bdaf_0.tar.bz2#2161070d867d1b1204ea749c8eec4ef0
https://conda.anaconda.org/conda-forge/linux-64/python-3.12.5-h2ad013b_0_cpython.conda#9c56c4df45f6571b13111d8df2448692
https://conda.anaconda.org/conda-forge/noarch/docutils-0.21.2-pyhd8ed1ab_0.conda#e8cd5d629f65bdf0f3bb312cde14659e
https://conda.anaconda.org/conda-forge/noarch/pyparsing-3.1.2-pyhd8ed1ab_0.conda#b9a4dacf97241704529131a0dfc0494f
https://conda.anaconda.org/conda-forge/noarch/amply-0.1.6-pyhd8ed1ab_0.conda#a45a9cc65a438f465845ebff49c6fbf9
https://conda.anaconda.org/conda-forge/noarch/appdirs-1.4.4-pyh9f0ad1d_0.tar.bz2#5f095bc6454094e96f146491fd03633b
https://conda.anaconda.org/conda-forge/noarch/argparse-dataclass-2.0.0-pyhd8ed1ab_0.conda#be47a0ee841e940a9a8eec03c2f776a3
https://conda.anaconda.org/conda-forge/linux-64/python_abi-3.12-5_cp312.conda#0424ae29b104430108f5218a66db7260
https://conda.anaconda.org/conda-forge/linux-64/yaml-0.2.5-h7f98852_2.tar.bz2#4cb3ad778ec2d5a7acbdf254eb1c42ae
https://conda.anaconda.org/conda-forge/linux-64/pyyaml-6.0.2-py312h41a817b_0.conda#1779c9cbd9006415ab7bb9e12747e9d1
https://conda.anaconda.org/conda-forge/noarch/attrmap-0.0.7-pyhd8ed1ab_0.conda#d4a5dcc9393a949aaab8042556893148
https://conda.anaconda.org/conda-forge/noarch/attrs-24.2.0-pyh71513ae_0.conda#6732fa52eb8e66e5afeb32db8701a791
https://conda.anaconda.org/conda-forge/linux-64/libstdcxx-ng-14.1.0-hc0a3c3a_0.conda#1cb187a157136398ddbaae90713e2498
https://conda.anaconda.org/conda-forge/linux-64/brotli-python-1.1.0-py312h30efb56_1.conda#45801a89533d3336a365284d93298e36
https://conda.anaconda.org/conda-forge/linux-64/c-ares-1.33.0-ha66036c_0.conda#b6927f788e85267beef6cbb292aaebdd
https://conda.anaconda.org/conda-forge/noarch/certifi-2024.7.4-pyhd8ed1ab_0.conda#24e7fd6ca65997938fff9e5ab6f653e4
https://conda.anaconda.org/conda-forge/noarch/pycparser-2.22-pyhd8ed1ab_0.conda#844d9eb3b43095b031874477f7d70088
https://conda.anaconda.org/conda-forge/linux-64/cffi-1.17.0-py312h1671c18_0.conda#33dee889f41b0ba6dbe5ddbe70ebf263
https://conda.anaconda.org/conda-forge/noarch/charset-normalizer-3.3.2-pyhd8ed1ab_0.conda#7f4a9e3fcff3f6356ae99244a014da6a
https://conda.anaconda.org/conda-forge/noarch/click-8.1.7-unix_pyh707e725_0.conda#f3ad426304898027fc619827ff428eca
https://conda.anaconda.org/conda-forge/linux-64/libgfortran5-14.1.0-hc5f4f2c_0.conda#6456c2620c990cd8dde2428a27ba0bc5
https://conda.anaconda.org/conda-forge/linux-64/libgfortran-ng-14.1.0-h69a702a_0.conda#f4ca84fbd6d06b0a052fb2d5b96dde41
https://conda.anaconda.org/conda-forge/linux-64/libopenblas-0.3.27-pthreads_hac2b453_1.conda#ae05ece66d3924ac3d48b4aa3fa96cec
https://conda.anaconda.org/conda-forge/linux-64/libblas-3.9.0-23_linux64_openblas.conda#96c8450a40aa2b9733073a9460de972c
https://conda.anaconda.org/conda-forge/linux-64/libcblas-3.9.0-23_linux64_openblas.conda#eede29b40efa878cbe5bdcb767e97310
https://conda.anaconda.org/conda-forge/linux-64/liblapack-3.9.0-23_linux64_openblas.conda#2af0879961951987e464722fd00ec1e0
https://conda.anaconda.org/conda-forge/linux-64/liblapacke-3.9.0-23_linux64_openblas.conda#89d7bcdb1e9a72a73e36d8e29d2a2beb
https://conda.anaconda.org/conda-forge/linux-64/coin-or-utils-2.11.12-h00a8a60_0.conda#096b0b254eb105e8d0d8180864201033
https://conda.anaconda.org/conda-forge/linux-64/coin-or-osi-0.108.11-h6e6398e_0.conda#416c6cf75efbb9f90baebbdf098c2410
https://conda.anaconda.org/conda-forge/linux-64/coin-or-clp-1.17.8-h1ee7a9c_0.conda#a2d4935dc3955aa906c17136039db06c
https://conda.anaconda.org/conda-forge/linux-64/coin-or-cgl-0.60.7-h516709c_0.conda#9170a2b48868d5a340d7076979a775f8
https://conda.anaconda.org/conda-forge/linux-64/coin-or-cbc-2.10.11-h56f689f_0.conda#0e97f96930a916cc9ead87ff6d66ff72
https://conda.anaconda.org/conda-forge/noarch/coincbc-2.10.11-0_metapackage.conda#4d3aa745ad5877fdfe55d942fd79517a
https://conda.anaconda.org/conda-forge/noarch/conda-inject-1.3.2-pyhd8ed1ab_0.conda#e52c2a160d6bd0649c9fafdf0c813357
https://conda.anaconda.org/conda-forge/noarch/configargparse-1.7-pyhd8ed1ab_0.conda#0d07dc29b1c1cc973f76b74beb44915f
https://conda.anaconda.org/conda-forge/noarch/connection_pool-0.0.3-pyhd3deb0d_0.tar.bz2#e270fff08907db8691c02a0eda8d38ae
https://conda.anaconda.org/bioconda/linux-64/csvtk-0.30.0-h9ee0642_2.tar.bz2#b026116a3b40628ea8e57ff41d4c4911
https://conda.anaconda.org/conda-forge/linux-64/keyutils-1.6.1-h166bdaf_0.tar.bz2#30186d27e2c9fa62b45fb1476b7200e3
https://conda.anaconda.org/conda-forge/linux-64/libedit-3.1.20191231-he28a2e2_2.tar.bz2#4d331e44109e3f0e19b4cb8f9b82f3e1
https://conda.anaconda.org/conda-forge/linux-64/krb5-1.21.3-h659f571_0.conda#3f43953b7d3fb3aaa1d0d0723d91e368
https://conda.anaconda.org/conda-forge/linux-64/libev-4.33-hd590300_2.conda#172bf1cd1ff8629f2b1179945ed45055
https://conda.anaconda.org/conda-forge/linux-64/libnghttp2-1.58.0-h47da74e_1.conda#700ac6ea6d53d5510591c4344d5c989a
https://conda.anaconda.org/conda-forge/linux-64/libssh2-1.11.0-h0841786_0.conda#1f5a58e686b13bcfde88b93f547d23fe
https://conda.anaconda.org/conda-forge/linux-64/zstd-1.5.6-ha6fb4c9_0.conda#4d056880988120e29d75bfff282e0f45
https://conda.anaconda.org/conda-forge/linux-64/libcurl-8.7.1-hca28451_0.conda#755c7f876815003337d2c61ff5d047e5
https://conda.anaconda.org/conda-forge/linux-64/curl-8.7.1-hca28451_0.conda#d2dd5466be2ce818f8097847341da63d
https://conda.anaconda.org/conda-forge/linux-64/datrie-0.8.2-py312h98912ed_7.conda#dc0655a949e9927c75b3e01c1b91373e
https://conda.anaconda.org/conda-forge/noarch/dpath-2.2.0-pyha770c72_0.conda#b2681af65644be41a18d4b00b67938f1
https://conda.anaconda.org/conda-forge/noarch/smmap-5.0.0-pyhd8ed1ab_0.tar.bz2#62f26a3d1387acee31322208f0cfa3e0
https://conda.anaconda.org/conda-forge/noarch/gitdb-4.0.11-pyhd8ed1ab_0.conda#623b19f616f2ca0c261441067e18ae40
https://conda.anaconda.org/conda-forge/noarch/typing_extensions-4.12.2-pyha770c72_0.conda#ebe6952715e1d5eb567eeebf25250fa7
https://conda.anaconda.org/conda-forge/noarch/gitpython-3.1.43-pyhd8ed1ab_0.conda#0b2154c1818111e17381b1df5b4b0176
https://conda.anaconda.org/conda-forge/noarch/hpack-4.0.0-pyh9f0ad1d_0.tar.bz2#914d6646c4dbb1fd3ff539830a12fd71
https://conda.anaconda.org/conda-forge/noarch/hyperframe-6.0.1-pyhd8ed1ab_0.tar.bz2#9f765cbfab6870c8435b9eefecd7a1f4
https://conda.anaconda.org/conda-forge/noarch/h2-4.1.0-pyhd8ed1ab_0.tar.bz2#b748fbf7060927a6e82df7cb5ee8f097
https://conda.anaconda.org/conda-forge/noarch/humanfriendly-10.0-pyhd8ed1ab_6.conda#2ed1fe4b9079da97c44cfe9c2e5078fd
https://conda.anaconda.org/conda-forge/noarch/idna-3.7-pyhd8ed1ab_0.conda#c0cc1420498b17414d8617d0b9f506ca
https://conda.anaconda.org/conda-forge/linux-64/immutables-0.20-py312h98912ed_1.conda#584c6a6ddb89186f8620ac48cc71409d
https://conda.anaconda.org/conda-forge/noarch/zipp-3.20.0-pyhd8ed1ab_0.conda#05b6bcb391b5be17374f7ad0aeedc479
https://conda.anaconda.org/conda-forge/noarch/importlib_resources-6.4.3-pyhd8ed1ab_0.conda#82b36c572ecc0d42c612203769e19de5
https://conda.anaconda.org/conda-forge/linux-64/markupsafe-2.1.5-py312h98912ed_0.conda#6ff0b9582da2d4a74a1f9ae1f9ce2af6
https://conda.anaconda.org/conda-forge/noarch/jinja2-3.1.4-pyhd8ed1ab_0.conda#7b86ecb7d3557821c649b3c31e3eb9f2
https://conda.anaconda.org/conda-forge/linux-64/rpds-py-0.20.0-py312hf008fa9_0.conda#0735929f1a2a89c62b91d07ef5a76645
https://conda.anaconda.org/conda-forge/noarch/referencing-0.35.1-pyhd8ed1ab_0.conda#0fc8b52192a8898627c3efae1003e9f6
https://conda.anaconda.org/conda-forge/noarch/jsonschema-specifications-2023.12.1-pyhd8ed1ab_0.conda#a0e4efb5f35786a05af4809a2fb1f855
https://conda.anaconda.org/conda-forge/noarch/pkgutil-resolve-name-1.3.10-pyhd8ed1ab_1.conda#405678b942f2481cecdb3e010f4925d9
https://conda.anaconda.org/conda-forge/noarch/jsonschema-4.23.0-pyhd8ed1ab_0.conda#da304c192ad59975202859b367d0f6a2
https://conda.anaconda.org/conda-forge/noarch/platformdirs-4.2.2-pyhd8ed1ab_0.conda#6f6cf28bf8e021933869bae3f84b8fc9
https://conda.anaconda.org/conda-forge/noarch/traitlets-5.14.3-pyhd8ed1ab_0.conda#3df84416a021220d8b5700c613af2dc5
https://conda.anaconda.org/conda-forge/linux-64/jupyter_core-5.7.2-py312h7900ff3_0.conda#eee5a2e3465220ed87196bbb5665f420
https://conda.anaconda.org/conda-forge/linux-64/libiconv-1.17-hd590300_2.conda#d66573916ffcf376178462f1b61c941e
https://conda.anaconda.org/conda-forge/linux-64/lz4-c-1.9.4-hcb278e6_0.conda#318b08df404f9c9be5712aaa5a6f0bb0
https://conda.anaconda.org/conda-forge/noarch/mdurl-0.1.2-pyhd8ed1ab_0.conda#776a8dd9e824f77abac30e6ef43a8f7a
https://conda.anaconda.org/conda-forge/noarch/markdown-it-py-3.0.0-pyhd8ed1ab_0.conda#93a8e71256479c62074356ef6ebf501b
https://conda.anaconda.org/conda-forge/noarch/python-fastjsonschema-2.20.0-pyhd8ed1ab_0.conda#b98d2018c01ce9980c03ee2850690fab
https://conda.anaconda.org/conda-forge/noarch/nbformat-5.10.4-pyhd8ed1ab_0.conda#0b57b5368ab7fc7cdc9e3511fa867214
https://conda.anaconda.org/conda-forge/linux-64/ncbi-datasets-cli-16.26.2-ha770c72_0.conda#a3524add6898bce1af2fed27d883738d
https://conda.anaconda.org/conda-forge/linux-64/numpy-1.26.4-py312heda63a1_0.conda#d8285bea2a350f63fab23bf460221f3f
https://conda.anaconda.org/conda-forge/noarch/packaging-24.1-pyhd8ed1ab_0.conda#cbe1bb1f21567018ce595d9c2be0f0db
https://conda.anaconda.org/conda-forge/noarch/six-1.16.0-pyh6c4a22f_0.tar.bz2#e5f25f8dbc060e9a8d912e432202afc2
https://conda.anaconda.org/conda-forge/noarch/python-dateutil-2.9.0-pyhd8ed1ab_0.conda#2cf4264fffb9e6eff6031c5b6884d61c
https://conda.anaconda.org/conda-forge/noarch/python-tzdata-2024.1-pyhd8ed1ab_0.conda#98206ea9954216ee7540f0c773f2104d
https://conda.anaconda.org/conda-forge/noarch/pytz-2024.1-pyhd8ed1ab_0.conda#3eeeeb9e4827ace8c0c1419c85d590ad
https://conda.anaconda.org/conda-forge/linux-64/pandas-2.2.1-py312hfb8ada1_0.conda#e8fcd9179004edd4fb1bcd888d0aeb47
https://conda.anaconda.org/conda-forge/noarch/setuptools-72.1.0-pyhd8ed1ab_0.conda#e06d4c26df4f958a8d38696f2c344d15
https://conda.anaconda.org/conda-forge/noarch/wheel-0.44.0-pyhd8ed1ab_0.conda#d44e3b085abcaef02983c6305b84b584
https://conda.anaconda.org/conda-forge/noarch/pip-24.2-pyhd8ed1ab_0.conda#6721aef6bfe5937abe70181545dd2c51
https://conda.anaconda.org/conda-forge/noarch/plac-1.4.3-pyhd8ed1ab_0.conda#c2231e8389ae345477ac94e736e8cc1b
https://conda.anaconda.org/conda-forge/linux-64/popt-1.16-h0b475e3_2002.tar.bz2#78388f97473c02e5ac8a3742eee4c959
https://conda.anaconda.org/conda-forge/linux-64/psutil-6.0.0-py312h9a8786e_0.conda#1aeffa86c55972ca4e88ac843eccedf2
https://conda.anaconda.org/conda-forge/linux-64/pulp-2.8.0-py312h7900ff3_0.conda#20e55885b4b57db6f53e746d1076a8b0
https://conda.anaconda.org/conda-forge/noarch/pygments-2.18.0-pyhd8ed1ab_0.conda#b7f5c092b8f9800150d998a71b76d5a1
https://conda.anaconda.org/conda-forge/noarch/pysocks-1.7.1-pyha2e5f31_6.tar.bz2#2a7de29fb590ca14b5243c4c812c8025
https://conda.anaconda.org/conda-forge/linux-64/zstandard-0.23.0-py312h3483029_0.conda#eab52e88c858d87cf5a069f79d10bb50
https://conda.anaconda.org/conda-forge/noarch/urllib3-2.2.2-pyhd8ed1ab_1.conda#e804c43f58255e977093a2298e442bb8
https://conda.anaconda.org/conda-forge/noarch/requests-2.32.3-pyhd8ed1ab_0.conda#5ede4753180c7a550a443c430dc8ab52
https://conda.anaconda.org/conda-forge/noarch/reretry-0.11.8-pyhd8ed1ab_0.conda#b8a877fba9cfe5d5dc2fef9d951316dd
https://conda.anaconda.org/conda-forge/noarch/rich-13.7.1-pyhd8ed1ab_0.conda#ba445bf767ae6f0d959ff2b40c20912b
https://conda.anaconda.org/conda-forge/noarch/rich-click-1.7.4-pyhd8ed1ab_0.conda#a3e6556c7cfce33ba7dae23fb17d3303
https://conda.anaconda.org/conda-forge/linux-64/xxhash-0.8.2-hd590300_0.conda#f08fb5c89edfc4aadee1c81d4cfb1fa1
https://conda.anaconda.org/conda-forge/linux-64/rsync-3.3.0-he6cb5fe_0.conda#27da3fb7abe92e3ef592eda5321a0230
https://conda.anaconda.org/conda-forge/linux-64/wrapt-1.16.0-py312h98912ed_0.conda#fa957a1c7bee7e47ad44633caf7be8bc
https://conda.anaconda.org/conda-forge/noarch/smart_open-7.0.4-pyhd8ed1ab_0.conda#2804ae86934b30c2afbd713d1448afe5
https://conda.anaconda.org/bioconda/noarch/snakemake-interface-common-1.17.3-pyhdfd78af_0.tar.bz2#13cd34c7d408a6c63ab225c2eadff217
https://conda.anaconda.org/conda-forge/noarch/throttler-1.2.2-pyhd8ed1ab_0.conda#6fc48bef3b400c82abaee323a9d4e290
https://conda.anaconda.org/bioconda/noarch/snakemake-interface-executor-plugins-9.2.0-pyhdfd78af_0.tar.bz2#8b4534a5f3875c9c4b3b1c2258f82d13
https://conda.anaconda.org/bioconda/noarch/snakemake-interface-report-plugins-1.0.0-pyhdfd78af_0.tar.bz2#48807a1a5a669975f09920777152d6ca
https://conda.anaconda.org/bioconda/noarch/snakemake-interface-storage-plugins-3.3.0-pyhdfd78af_0.tar.bz2#6956cd18cbc5310fecfa26e25fc4caee
https://conda.anaconda.org/conda-forge/noarch/stopit-1.1.2-py_0.tar.bz2#a07ae164291cd456aa3012f44654a950
https://conda.anaconda.org/conda-forge/noarch/tabulate-0.9.0-pyhd8ed1ab_1.tar.bz2#4759805cce2d914c38472f70bf4d8bcb
https://conda.anaconda.org/conda-forge/noarch/toposort-1.10-pyhd8ed1ab_0.conda#aeef653e20028f19a3c2cc70e166b509
https://conda.anaconda.org/conda-forge/noarch/yte-1.5.4-pyha770c72_0.conda#f4d2f4a372be452baebf8dbdcd9892ed
https://conda.anaconda.org/bioconda/noarch/snakemake-minimal-8.18.1-pyhdfd78af_0.tar.bz2#c34f7e89bb36f41f548453601402e335
https://conda.anaconda.org/bioconda/noarch/snaketool-utils-0.0.5-pyhdfd78af_0.tar.bz2#aa0372600764c4cbc7413858b18b4139
https://conda.anaconda.org/bioconda/linux-64/taxonkit-0.17.0-h9ee0642_1.tar.bz2#9dba2510a7b88599a1be245c1d2684e3
https://conda.anaconda.org/conda-forge/linux-64/unzip-6.0-h7f98852_3.tar.bz2#7cb7109505433a5abbf68bb34b31edac
